
Microsoft Visual Studio Solution File, Format Version 12.00
# Visual Studio Version 16
VisualStudioVersion = 16.0.32106.194
MinimumVisualStudioVersion = 10.0.40219.1
Project("{9A19103F-16F7-4668-BE54-9A1E7A4F7556}") = "AeronlineaServicios.Api.Vuelos", "AeronlineaServicios.Api.Vuelos\AeronlineaServicios.Api.Vuelos.csproj", "{3D367D94-EC6C-4C0F-B001-4EA3D3355C18}"
EndProject
Project("{9A19103F-16F7-4668-BE54-9A1E7A4F7556}") = "AerolineaServicios.Rabbitmq", "AerolineaServicios.Rabbitmq\AerolineaServicios.Rabbitmq.csproj", "{5E885873-F9C5-412E-9DDB-9F0833E61A4D}"
EndProject
Project("{9A19103F-16F7-4668-BE54-9A1E7A4F7556}") = "AerolineaServicios.Api.Aeropuertos", "AerolineaServicios.Api.Aeropuertos\AerolineaServicios.Api.Aeropuertos.csproj", "{3E194849-74C5-4B52-8D25-8A060F3B81C3}"
EndProject
Global
	GlobalSection(SolutionConfigurationPlatforms) = preSolution
		Debug|Any CPU = Debug|Any CPU
		Release|Any CPU = Release|Any CPU
	EndGlobalSection
	GlobalSection(ProjectConfigurationPlatforms) = postSolution
		{3D367D94-EC6C-4C0F-B001-4EA3D3355C18}.Debug|Any CPU.ActiveCfg = Debug|Any CPU
		{3D367D94-EC6C-4C0F-B001-4EA3D3355C18}.Debug|Any CPU.Build.0 = Debug|Any CPU
		{3D367D94-EC6C-4C0F-B001-4EA3D3355C18}.Release|Any CPU.ActiveCfg = Release|Any CPU
		{3D367D94-EC6C-4C0F-B001-4EA3D3355C18}.Release|Any CPU.Build.0 = Release|Any CPU
		{5E885873-F9C5-412E-9DDB-9F0833E61A4D}.Debug|Any CPU.ActiveCfg = Debug|Any CPU
		{5E885873-F9C5-412E-9DDB-9F0833E61A4D}.Debug|Any CPU.Build.0 = Debug|Any CPU
		{5E885873-F9C5-412E-9DDB-9F0833E61A4D}.Release|Any CPU.ActiveCfg = Release|Any CPU
		{5E885873-F9C5-412E-9DDB-9F0833E61A4D}.Release|Any CPU.Build.0 = Release|Any CPU
		{3E194849-74C5-4B52-8D25-8A060F3B81C3}.Debug|Any CPU.ActiveCfg = Debug|Any CPU
		{3E194849-74C5-4B52-8D25-8A060F3B81C3}.Debug|Any CPU.Build.0 = Debug|Any CPU
		{3E194849-74C5-4B52-8D25-8A060F3B81C3}.Release|Any CPU.ActiveCfg = Release|Any CPU
		{3E194849-74C5-4B52-8D25-8A060F3B81C3}.Release|Any CPU.Build.0 = Release|Any CPU
	EndGlobalSection
	GlobalSection(SolutionProperties) = preSolution
		HideSolutionNode = FALSE
	EndGlobalSection
	GlobalSection(ExtensibilityGlobals) = postSolution
		SolutionGuid = {9B504676-5B69-44CD-851E-3303E0CC9AD3}
	EndGlobalSection
EndGlobal
